# This file is autogenerated, do not edit; changes may be undone by the next 'dep ensure'.


[[projects]]
  branch = "master"
  digest = "1:af28af1dc2ac5fd867031bc5cfe21c54f2723861d84ff39bd022cd6cec4f58ca"
  name = "github.com/HauptJ/Golang-API-DNS"
  packages = [
    "AddrLookup",
    "CNAMELookup",
    "HostLookup",
    "MXLookup",
  ]
  pruneopts = "UT"
  revision = "0158069039ac2b6793109dfd483586b99e87409c"

[[projects]]
  digest = "1:1d1cbf539d9ac35eb3148129f96be5537f1a1330cadcc7e3a83b4e72a59672a3"
  name = "github.com/google/go-cmp"
  packages = [
    "cmp",
    "cmp/internal/diff",
    "cmp/internal/flags",
    "cmp/internal/function",
    "cmp/internal/value",
  ]
  pruneopts = "UT"
  revision = "2d0692c2e9617365a95b295612ac0d4415ba4627"
  version = "v0.3.1"

[[projects]]
  digest = "1:cbec35fe4d5a4fba369a656a8cd65e244ea2c743007d8f6c1ccb132acf9d1296"
  name = "github.com/gorilla/mux"
  packages = ["."]
  pruneopts = "UT"
  revision = "00bdffe0f3c77e27d2cf6f5c70232a2d3e4d9c15"
  version = "v1.7.3"

[solve-meta]
  analyzer-name = "dep"
  analyzer-version = 1
  input-imports = [
    "github.com/HauptJ/Golang-API-DNS/AddrLookup",
    "github.com/HauptJ/Golang-API-DNS/CNAMELookup",
    "github.com/HauptJ/Golang-API-DNS/HostLookup",
    "github.com/HauptJ/Golang-API-DNS/MXLookup",
    "github.com/google/go-cmp/cmp",
    "github.com/gorilla/mux",
  ]
  solver-name = "gps-cdcl"
  solver-version = 1
